# This file is automatically @generated by Cargo.
# It is not intended for manual editing.
[[package]]
name = "addr2line"
version = "0.12.1"
source = "registry+https://github.com/rust-lang/crates.io-index"
checksum = "a49806b9dadc843c61e7c97e72490ad7f7220ae249012fbda9ad0609457c0543"
dependencies = [
 "gimli",
]

[[package]]
name = "aho-corasick"
version = "0.7.10"
source = "registry+https://github.com/rust-lang/crates.io-index"
checksum = "8716408b8bc624ed7f65d223ddb9ac2d044c0547b6fa4b0d554f3a9540496ada"
dependencies = [
 "memchr",
]

[[package]]
name = "arc-swap"
version = "0.4.6"
source = "registry+https://github.com/rust-lang/crates.io-index"
checksum = "b585a98a234c46fc563103e9278c9391fde1f4e6850334da895d27edb9580f62"

[[package]]
name = "atty"
version = "0.2.14"
source = "registry+https://github.com/rust-lang/crates.io-index"
checksum = "d9b39be18770d11421cdb1b9947a45dd3f37e93092cbf377614828a319d5fee8"
dependencies = [
 "hermit-abi",
 "libc",
 "winapi",
]

[[package]]
name = "autocfg"
version = "1.0.0"
source = "registry+https://github.com/rust-lang/crates.io-index"
checksum = "f8aac770f1885fd7e387acedd76065302551364496e46b3dd00860b2f8359b9d"

[[package]]
name = "backtrace"
version = "0.3.48"
source = "registry+https://github.com/rust-lang/crates.io-index"
checksum = "0df2f85c8a2abbe3b7d7e748052fdd9b76a0458fdeb16ad4223f5eca78c7c130"
dependencies = [
 "addr2line",
 "cfg-if",
 "libc",
 "object",
 "rustc-demangle",
]

[[package]]
name = "bindgen"
version = "0.51.1"
source = "registry+https://github.com/rust-lang/crates.io-index"
checksum = "ebd71393f1ec0509b553aa012b9b58e81dadbdff7130bd3b8cba576e69b32f75"
dependencies = [
 "bitflags",
 "cexpr",
 "cfg-if",
 "clang-sys",
 "lazy_static",
 "peeking_take_while",
 "proc-macro2",
 "quote",
 "regex",
 "rustc-hash",
 "shlex",
]

[[package]]
name = "bitflags"
version = "1.2.1"
source = "registry+https://github.com/rust-lang/crates.io-index"
checksum = "cf1de2fe8c75bc145a2f577add951f8134889b4795d47466a54a5c846d691693"

[[package]]
name = "cc"
version = "1.0.54"
source = "registry+https://github.com/rust-lang/crates.io-index"
checksum = "7bbb73db36c1246e9034e307d0fba23f9a2e251faa47ade70c1bd252220c8311"

[[package]]
name = "cexpr"
version = "0.3.6"
source = "registry+https://github.com/rust-lang/crates.io-index"
checksum = "fce5b5fb86b0c57c20c834c1b412fd09c77c8a59b9473f86272709e78874cd1d"
dependencies = [
 "nom 4.2.3",
]

[[package]]
name = "cfg-if"
version = "0.1.10"
source = "registry+https://github.com/rust-lang/crates.io-index"
checksum = "4785bdd1c96b2a846b2bd7cc02e86b6b3dbf14e7e53446c4f54c92a361040822"

[[package]]
name = "chrono"
version = "0.4.11"
source = "registry+https://github.com/rust-lang/crates.io-index"
checksum = "80094f509cf8b5ae86a4966a39b3ff66cd7e2a3e594accec3743ff3fabeab5b2"
dependencies = [
 "num-integer",
 "num-traits",
 "time",
]

[[package]]
name = "clang-sys"
version = "0.28.1"
source = "registry+https://github.com/rust-lang/crates.io-index"
checksum = "81de550971c976f176130da4b2978d3b524eaa0fd9ac31f3ceb5ae1231fb4853"
dependencies = [
 "glob",
 "libc",
 "libloading",
]

[[package]]
name = "clap"
version = "3.0.0-beta.1"
source = "registry+https://github.com/rust-lang/crates.io-index"
checksum = "860643c53f980f0d38a5e25dfab6c3c93b2cb3aa1fe192643d17a293c6c41936"
dependencies = [
 "atty",
 "bitflags",
 "clap_derive",
 "indexmap",
 "lazy_static",
 "os_str_bytes",
 "strsim",
 "termcolor",
 "textwrap",
 "unicode-width",
 "vec_map",
]

[[package]]
name = "clap_derive"
version = "3.0.0-beta.1"
source = "registry+https://github.com/rust-lang/crates.io-index"
checksum = "fb51c9e75b94452505acd21d929323f5a5c6c4735a852adbd39ef5fb1b014f30"
dependencies = [
 "heck",
 "proc-macro-error",
 "proc-macro2",
 "quote",
 "syn",
]

[[package]]
name = "cmake"
version = "0.1.44"
source = "registry+https://github.com/rust-lang/crates.io-index"
checksum = "0e56268c17a6248366d66d4a47a3381369d068cce8409bb1716ed77ea32163bb"
dependencies = [
 "cc",
]

[[package]]
name = "cron"
version = "0.6.0"
source = "registry+https://github.com/rust-lang/crates.io-index"
checksum = "ab2c162d8a208293b4a4e126db1211571ee4990dbfa6f7fdacc267486849dab8"
dependencies = [
 "chrono",
 "error-chain",
 "nom 2.1.0",
]

[[package]]
name = "crossbeam-channel"
version = "0.4.2"
source = "registry+https://github.com/rust-lang/crates.io-index"
checksum = "cced8691919c02aac3cb0a1bc2e9b73d89e832bf9a06fc579d4e71b68a2da061"
dependencies = [
 "crossbeam-utils",
 "maybe-uninit",
]

[[package]]
name = "crossbeam-utils"
version = "0.7.2"
source = "registry+https://github.com/rust-lang/crates.io-index"
checksum = "c3c7c73a2d1e9fc0886a08b93e98eb643461230d5f1925e4036204d5f2e261a8"
dependencies = [
 "autocfg",
 "cfg-if",
 "lazy_static",
]

[[package]]
name = "env_logger"
version = "0.7.1"
source = "registry+https://github.com/rust-lang/crates.io-index"
checksum = "44533bbbb3bb3c1fa17d9f2e4e38bbbaf8396ba82193c4cb1b6445d711445d36"
dependencies = [
 "atty",
 "humantime",
 "log",
 "regex",
 "termcolor",
]

[[package]]
name = "error-chain"
version = "0.10.0"
source = "registry+https://github.com/rust-lang/crates.io-index"
checksum = "d9435d864e017c3c6afeac1654189b06cdb491cf2ff73dbf0d73b0f292f42ff8"
dependencies = [
 "backtrace",
]

[[package]]
name = "futures"
version = "0.1.29"
source = "registry+https://github.com/rust-lang/crates.io-index"
checksum = "1b980f2816d6ee8673b6517b52cb0e808a180efc92e5c19d02cdda79066703ef"

[[package]]
name = "gimli"
version = "0.21.0"
source = "registry+https://github.com/rust-lang/crates.io-index"
checksum = "bcc8e0c9bce37868955864dbecd2b1ab2bdf967e6f28066d65aaac620444b65c"

[[package]]
name = "glob"
version = "0.3.0"
source = "registry+https://github.com/rust-lang/crates.io-index"
checksum = "9b919933a397b79c37e33b77bb2aa3dc8eb6e165ad809e58ff75bc7db2e34574"

[[package]]
name = "grpcio"
version = "0.5.3"
source = "registry+https://github.com/rust-lang/crates.io-index"
checksum = "7a60cc544face71ebbc053d821fdf880b809340b67d19f5d07d6b829e9e36e63"
dependencies = [
 "futures",
 "grpcio-sys",
 "libc",
 "log",
 "protobuf",
]

[[package]]
name = "grpcio-compiler"
version = "0.5.0"
source = "registry+https://github.com/rust-lang/crates.io-index"
checksum = "e89d54316f4fdc3181139f2725944de33e9a2fde1bf9128e9e4b88543ad6955e"
dependencies = [
 "protobuf",
]

[[package]]
name = "grpcio-proto"
version = "0.5.0"
source = "registry+https://github.com/rust-lang/crates.io-index"
checksum = "0e67e153c5e26fe336365f14e5124630131b09b96ac27a78594824e241da54f0"
dependencies = [
 "futures",
 "grpcio",
 "grpcio-compiler",
 "protobuf",
 "protobuf-build",
 "walkdir",
]

[[package]]
name = "grpcio-sys"
version = "0.5.3"
source = "registry+https://github.com/rust-lang/crates.io-index"
checksum = "8ae317d29eb55297b760ca3641662f140e17b9dc36e3f23a3e7e7327e3c33c7e"
dependencies = [
 "bindgen",
 "cc",
 "cmake",
 "libc",
 "libz-sys",
 "pkg-config",
 "walkdir",
]

[[package]]
name = "heck"
version = "0.3.1"
source = "registry+https://github.com/rust-lang/crates.io-index"
checksum = "20564e78d53d2bb135c343b3f47714a56af2061f1c928fdb541dc7b9fdd94205"
dependencies = [
 "unicode-segmentation",
]

[[package]]
name = "hermit-abi"
version = "0.1.13"
source = "registry+https://github.com/rust-lang/crates.io-index"
checksum = "91780f809e750b0a89f5544be56617ff6b1227ee485bcb06ebe10cdf89bd3b71"
dependencies = [
 "libc",
]

[[package]]
name = "humantime"
version = "1.3.0"
source = "registry+https://github.com/rust-lang/crates.io-index"
checksum = "df004cfca50ef23c36850aaaa59ad52cc70d0e90243c3c7737a4dd32dc7a3c4f"
dependencies = [
 "quick-error",
]

[[package]]
name = "indexmap"
version = "1.3.2"
source = "registry+https://github.com/rust-lang/crates.io-index"
checksum = "076f042c5b7b98f31d205f1249267e12a6518c1481e9dae9764af19b707d2292"
dependencies = [
 "autocfg",
]

[[package]]
name = "lazy_static"
version = "1.4.0"
source = "registry+https://github.com/rust-lang/crates.io-index"
checksum = "e2abad23fbc42b3700f2f279844dc832adb2b2eb069b2df918f455c4e18cc646"

[[package]]
name = "libc"
version = "0.2.70"
source = "registry+https://github.com/rust-lang/crates.io-index"
checksum = "3baa92041a6fec78c687fa0cc2b3fae8884f743d672cf551bed1d6dac6988d0f"

[[package]]
name = "libloading"
version = "0.5.2"
source = "registry+https://github.com/rust-lang/crates.io-index"
checksum = "f2b111a074963af1d37a139918ac6d49ad1d0d5e47f72fd55388619691a7d753"
dependencies = [
 "cc",
 "winapi",
]

[[package]]
name = "libz-sys"
version = "1.0.25"
source = "registry+https://github.com/rust-lang/crates.io-index"
checksum = "2eb5e43362e38e2bca2fd5f5134c4d4564a23a5c28e9b95411652021a8675ebe"
dependencies = [
 "cc",
 "libc",
 "pkg-config",
 "vcpkg",
]

[[package]]
name = "log"
version = "0.4.8"
source = "registry+https://github.com/rust-lang/crates.io-index"
checksum = "14b6052be84e6b71ab17edffc2eeabf5c2c3ae1fdb464aae35ac50c67a44e1f7"
dependencies = [
 "cfg-if",
]

[[package]]
name = "maxminddb"
version = "0.13.0"
source = "registry+https://github.com/rust-lang/crates.io-index"
checksum = "9412a854bf1355d1ff92ef6ffe557dcc4a866e20cdffc7d3fc082174dba7436e"
dependencies = [
 "log",
 "serde",
 "serde_derive",
]

[[package]]
name = "maybe-uninit"
version = "2.0.0"
source = "registry+https://github.com/rust-lang/crates.io-index"
checksum = "60302e4db3a61da70c0cb7991976248362f30319e88850c487b9b95bbf059e00"

[[package]]
name = "memchr"
version = "2.3.3"
source = "registry+https://github.com/rust-lang/crates.io-index"
checksum = "3728d817d99e5ac407411fa471ff9800a778d88a24685968b36824eaf4bee400"

[[package]]
name = "mmdb-grpc"
version = "0.4.1-alpha.0"
dependencies = [
 "chrono",
 "clap",
 "cron",
 "crossbeam-channel",
 "env_logger",
 "futures",
 "grpcio",
 "grpcio-proto",
 "log",
 "maxminddb",
 "protobuf",
 "protobuf-build",
 "signal-hook",
 "spin",
]

[[package]]
name = "nom"
version = "2.1.0"
source = "registry+https://github.com/rust-lang/crates.io-index"
checksum = "e5d4598834859fedb9a0a69d5b862a970e77982a92f544d547257a4d49469067"

[[package]]
name = "nom"
version = "4.2.3"
source = "registry+https://github.com/rust-lang/crates.io-index"
checksum = "2ad2a91a8e869eeb30b9cb3119ae87773a8f4ae617f41b1eb9c154b2905f7bd6"
dependencies = [
 "memchr",
 "version_check 0.1.5",
]

[[package]]
name = "num-integer"
version = "0.1.42"
source = "registry+https://github.com/rust-lang/crates.io-index"
checksum = "3f6ea62e9d81a77cd3ee9a2a5b9b609447857f3d358704331e4ef39eb247fcba"
dependencies = [
 "autocfg",
 "num-traits",
]

[[package]]
name = "num-traits"
version = "0.2.11"
source = "registry+https://github.com/rust-lang/crates.io-index"
checksum = "c62be47e61d1842b9170f0fdeec8eba98e60e90e5446449a0545e5152acd7096"
dependencies = [
 "autocfg",
]

[[package]]
name = "object"
version = "0.19.0"
source = "registry+https://github.com/rust-lang/crates.io-index"
checksum = "9cbca9424c482ee628fa549d9c812e2cd22f1180b9222c9200fdfa6eb31aecb2"

[[package]]
name = "os_str_bytes"
version = "2.3.1"
source = "registry+https://github.com/rust-lang/crates.io-index"
checksum = "06de47b848347d8c4c94219ad8ecd35eb90231704b067e67e6ae2e36ee023510"

[[package]]
name = "peeking_take_while"
version = "0.1.2"
source = "registry+https://github.com/rust-lang/crates.io-index"
checksum = "19b17cddbe7ec3f8bc800887bab5e717348c95ea2ca0b1bf0837fb964dc67099"

[[package]]
name = "pkg-config"
version = "0.3.17"
source = "registry+https://github.com/rust-lang/crates.io-index"
checksum = "05da548ad6865900e60eaba7f589cc0783590a92e940c26953ff81ddbab2d677"

[[package]]
name = "proc-macro-error"
version = "0.4.12"
source = "registry+https://github.com/rust-lang/crates.io-index"
checksum = "18f33027081eba0a6d8aba6d1b1c3a3be58cbb12106341c2d5759fcd9b5277e7"
dependencies = [
 "proc-macro-error-attr",
 "proc-macro2",
 "quote",
 "syn",
 "version_check 0.9.1",
]

[[package]]
name = "proc-macro-error-attr"
version = "0.4.12"
source = "registry+https://github.com/rust-lang/crates.io-index"
checksum = "8a5b4b77fdb63c1eca72173d68d24501c54ab1269409f6b672c85deb18af69de"
dependencies = [
 "proc-macro2",
 "quote",
 "syn",
 "syn-mid",
 "version_check 0.9.1",
]

[[package]]
name = "proc-macro2"
version = "1.0.13"
source = "registry+https://github.com/rust-lang/crates.io-index"
checksum = "53f5ffe53a6b28e37c9c1ce74893477864d64f74778a93a4beb43c8fa167f639"
dependencies = [
 "unicode-xid",
]

[[package]]
name = "protobuf"
version = "2.14.0"
source = "registry+https://github.com/rust-lang/crates.io-index"
checksum = "8e86d370532557ae7573551a1ec8235a0f8d6cb276c7c9e6aa490b511c447485"

[[package]]
name = "protobuf-build"
version = "0.11.1"
source = "registry+https://github.com/rust-lang/crates.io-index"
checksum = "46f3ca050cd02aa2ee07f8e227871ebe8c12cf076ff7c6bf82fdd41dc81af874"
dependencies = [
 "bitflags",
 "grpcio-compiler",
 "protobuf",
 "protobuf-codegen",
 "regex",
]

[[package]]
name = "protobuf-codegen"
version = "2.14.0"
source = "registry+https://github.com/rust-lang/crates.io-index"
checksum = "de113bba758ccf2c1ef816b127c958001b7831136c9bc3f8e9ec695ac4e82b0c"
dependencies = [
 "protobuf",
]

[[package]]
name = "quick-error"
version = "1.2.3"
source = "registry+https://github.com/rust-lang/crates.io-index"
checksum = "a1d01941d82fa2ab50be1e79e6714289dd7cde78eba4c074bc5a4374f650dfe0"

[[package]]
name = "quote"
version = "1.0.6"
source = "registry+https://github.com/rust-lang/crates.io-index"
checksum = "54a21852a652ad6f610c9510194f398ff6f8692e334fd1145fed931f7fbe44ea"
dependencies = [
 "proc-macro2",
]

[[package]]
name = "regex"
version = "1.3.7"
source = "registry+https://github.com/rust-lang/crates.io-index"
checksum = "a6020f034922e3194c711b82a627453881bc4682166cabb07134a10c26ba7692"
dependencies = [
 "aho-corasick",
 "memchr",
 "regex-syntax",
 "thread_local",
]

[[package]]
name = "regex-syntax"
version = "0.6.17"
source = "registry+https://github.com/rust-lang/crates.io-index"
checksum = "7fe5bd57d1d7414c6b5ed48563a2c855d995ff777729dcd91c369ec7fea395ae"

[[package]]
name = "rustc-demangle"
version = "0.1.16"
source = "registry+https://github.com/rust-lang/crates.io-index"
checksum = "4c691c0e608126e00913e33f0ccf3727d5fc84573623b8d65b2df340b5201783"

[[package]]
name = "rustc-hash"
version = "1.1.0"
source = "registry+https://github.com/rust-lang/crates.io-index"
checksum = "08d43f7aa6b08d49f382cde6a7982047c3426db949b1424bc4b7ec9ae12c6ce2"

[[package]]
name = "same-file"
version = "1.0.6"
source = "registry+https://github.com/rust-lang/crates.io-index"
checksum = "93fc1dc3aaa9bfed95e02e6eadabb4baf7e3078b0bd1b4d7b6b0b68378900502"
dependencies = [
 "winapi-util",
]

[[package]]
name = "serde"
version = "1.0.110"
source = "registry+https://github.com/rust-lang/crates.io-index"
checksum = "99e7b308464d16b56eba9964e4972a3eee817760ab60d88c3f86e1fecb08204c"

[[package]]
name = "serde_derive"
version = "1.0.110"
source = "registry+https://github.com/rust-lang/crates.io-index"
checksum = "818fbf6bfa9a42d3bfcaca148547aa00c7b915bec71d1757aa2d44ca68771984"
dependencies = [
 "proc-macro2",
 "quote",
 "syn",
]

[[package]]
name = "shlex"
version = "0.1.1"
source = "registry+https://github.com/rust-lang/crates.io-index"
checksum = "7fdf1b9db47230893d76faad238fd6097fd6d6a9245cd7a4d90dbd639536bbd2"

[[package]]
name = "signal-hook"
version = "0.1.15"
source = "registry+https://github.com/rust-lang/crates.io-index"
checksum = "8ff2db2112d6c761e12522c65f7768548bd6e8cd23d2a9dae162520626629bd6"
dependencies = [
 "libc",
 "signal-hook-registry",
]

[[package]]
name = "signal-hook-registry"
version = "1.2.0"
source = "registry+https://github.com/rust-lang/crates.io-index"
checksum = "94f478ede9f64724c5d173d7bb56099ec3e2d9fc2774aac65d34b8b890405f41"
dependencies = [
 "arc-swap",
 "libc",
]

[[package]]
name = "spin"
version = "0.5.2"
source = "registry+https://github.com/rust-lang/crates.io-index"
checksum = "6e63cff320ae2c57904679ba7cb63280a3dc4613885beafb148ee7bf9aa9042d"

[[package]]
name = "strsim"
version = "0.10.0"
source = "registry+https://github.com/rust-lang/crates.io-index"
checksum = "73473c0e59e6d5812c5dfe2a064a6444949f089e20eec9a2e5506596494e4623"

[[package]]
name = "syn"
version = "1.0.23"
source = "registry+https://github.com/rust-lang/crates.io-index"
checksum = "95b5f192649e48a5302a13f2feb224df883b98933222369e4b3b0fe2a5447269"
dependencies = [
 "proc-macro2",
 "quote",
 "unicode-xid",
]

[[package]]
name = "syn-mid"
version = "0.5.0"
source = "registry+https://github.com/rust-lang/crates.io-index"
checksum = "7be3539f6c128a931cf19dcee741c1af532c7fd387baa739c03dd2e96479338a"
dependencies = [
 "proc-macro2",
 "quote",
 "syn",
]

[[package]]
name = "termcolor"
version = "1.1.0"
source = "registry+https://github.com/rust-lang/crates.io-index"
checksum = "bb6bfa289a4d7c5766392812c0a1f4c1ba45afa1ad47803c11e1f407d846d75f"
dependencies = [
 "winapi-util",
]

[[package]]
name = "textwrap"
version = "0.11.0"
source = "registry+https://github.com/rust-lang/crates.io-index"
checksum = "d326610f408c7a4eb6f51c37c330e496b08506c9457c9d34287ecc38809fb060"
dependencies = [
 "unicode-width",
]

[[package]]
name = "thread_local"
version = "1.0.1"
source = "registry+https://github.com/rust-lang/crates.io-index"
checksum = "d40c6d1b69745a6ec6fb1ca717914848da4b44ae29d9b3080cbee91d72a69b14"
dependencies = [
 "lazy_static",
]

[[package]]
name = "time"
version = "0.1.43"
source = "registry+https://github.com/rust-lang/crates.io-index"
checksum = "ca8a50ef2360fbd1eeb0ecd46795a87a19024eb4b53c5dc916ca1fd95fe62438"
dependencies = [
 "libc",
 "winapi",
]

[[package]]
name = "unicode-segmentation"
version = "1.6.0"
source = "registry+https://github.com/rust-lang/crates.io-index"
checksum = "e83e153d1053cbb5a118eeff7fd5be06ed99153f00dbcd8ae310c5fb2b22edc0"

[[package]]
name = "unicode-width"
version = "0.1.7"
source = "registry+https://github.com/rust-lang/crates.io-index"
checksum = "caaa9d531767d1ff2150b9332433f32a24622147e5ebb1f26409d5da67afd479"

[[package]]
name = "unicode-xid"
version = "0.2.0"
source = "registry+https://github.com/rust-lang/crates.io-index"
checksum = "826e7639553986605ec5979c7dd957c7895e93eabed50ab2ffa7f6128a75097c"

[[package]]
name = "vcpkg"
version = "0.2.8"
source = "registry+https://github.com/rust-lang/crates.io-index"
checksum = "3fc439f2794e98976c88a2a2dafce96b930fe8010b0a256b3c2199a773933168"

[[package]]
name = "vec_map"
version = "0.8.2"
source = "registry+https://github.com/rust-lang/crates.io-index"
checksum = "f1bddf1187be692e79c5ffeab891132dfb0f236ed36a43c7ed39f1165ee20191"

[[package]]
name = "version_check"
version = "0.1.5"
source = "registry+https://github.com/rust-lang/crates.io-index"
checksum = "914b1a6776c4c929a602fafd8bc742e06365d4bcbe48c30f9cca5824f70dc9dd"

[[package]]
name = "version_check"
version = "0.9.1"
source = "registry+https://github.com/rust-lang/crates.io-index"
checksum = "078775d0255232fb988e6fccf26ddc9d1ac274299aaedcedce21c6f72cc533ce"

[[package]]
name = "walkdir"
version = "2.3.1"
source = "registry+https://github.com/rust-lang/crates.io-index"
checksum = "777182bc735b6424e1a57516d35ed72cb8019d85c8c9bf536dccb3445c1a2f7d"
dependencies = [
 "same-file",
 "winapi",
 "winapi-util",
]

[[package]]
name = "winapi"
version = "0.3.8"
source = "registry+https://github.com/rust-lang/crates.io-index"
checksum = "8093091eeb260906a183e6ae1abdba2ef5ef2257a21801128899c3fc699229c6"
dependencies = [
 "winapi-i686-pc-windows-gnu",
 "winapi-x86_64-pc-windows-gnu",
]

[[package]]
name = "winapi-i686-pc-windows-gnu"
version = "0.4.0"
source = "registry+https://github.com/rust-lang/crates.io-index"
checksum = "ac3b87c63620426dd9b991e5ce0329eff545bccbbb34f3be09ff6fb6ab51b7b6"

[[package]]
name = "winapi-util"
version = "0.1.5"
source = "registry+https://github.com/rust-lang/crates.io-index"
checksum = "70ec6ce85bb158151cae5e5c87f95a8e97d2c0c4b001223f33a334e3ce5de178"
dependencies = [
 "winapi",
]

[[package]]
name = "winapi-x86_64-pc-windows-gnu"
version = "0.4.0"
source = "registry+https://github.com/rust-lang/crates.io-index"
checksum = "712e227841d057c1ee1cd2fb22fa7e5a5461ae8e48fa2ca79ec42cfc1931183f"
